{
  "name": "Advent_of_code_2021",
  "lockfileVersion": 2,
  "requires": true,
  "packages": {
    "": {
      "name": "Advent_of_code_2021",
      "dependencies": {
        "js-graph-algorithms": "^1.0.18",
        "line-reader": "^0.4.0"
      }
    },
    "node_modules/js-graph-algorithms": {
      "version": "1.0.18",
      "resolved": "https://registry.npmjs.org/js-graph-algorithms/-/js-graph-algorithms-1.0.18.tgz",
      "integrity": "sha1-+W7Ie/GU9cCjE2X6Dh0Ht7li2JE=",
      "bin": {
        "js-graphs": "src/jsgraphs.js"
      }
    },
    "node_modules/line-reader": {
      "version": "0.4.0",
      "resolved": "https://registry.npmjs.org/line-reader/-/line-reader-0.4.0.tgz",
      "integrity": "sha1-F+RIGNoKwzVnW6MAlU+U72cOZv0="
    }
  },
  "dependencies": {
    "js-graph-algorithms": {
      "version": "1.0.18",
      "resolved": "https://registry.npmjs.org/js-graph-algorithms/-/js-graph-algorithms-1.0.18.tgz",
      "integrity": "sha1-+W7Ie/GU9cCjE2X6Dh0Ht7li2JE="
    },
    "line-reader": {
      "version": "0.4.0",
      "resolved": "https://registry.npmjs.org/line-reader/-/line-reader-0.4.0.tgz",
      "integrity": "sha1-F+RIGNoKwzVnW6MAlU+U72cOZv0="
    }
  }
}
